
Microsoft Visual Studio Solution File, Format Version 12.00
# Visual Studio Version 17
VisualStudioVersion = 17.11.35312.102
MinimumVisualStudioVersion = 10.0.40219.1
Project("{FAE04EC0-301F-11D3-BF4B-00C04F79EFBC}") = "RockPaperScissor", "RockPaperScissor.csproj", "{DCCD6984-1138-467E-9E65-2F53B03CB275}"
EndProject
Global
	GlobalSection(SolutionConfigurationPlatforms) = preSolution
		Debug|Any CPU = Debug|Any CPU
		Release|Any CPU = Release|Any CPU
	EndGlobalSection
	GlobalSection(ProjectConfigurationPlatforms) = postSolution
		{DCCD6984-1138-467E-9E65-2F53B03CB275}.Debug|Any CPU.ActiveCfg = Debug|Any CPU
		{DCCD6984-1138-467E-9E65-2F53B03CB275}.Debug|Any CPU.Build.0 = Debug|Any CPU
		{DCCD6984-1138-467E-9E65-2F53B03CB275}.Release|Any CPU.ActiveCfg = Release|Any CPU
		{DCCD6984-1138-467E-9E65-2F53B03CB275}.Release|Any CPU.Build.0 = Release|Any CPU
	EndGlobalSection
	GlobalSection(SolutionProperties) = preSolution
		HideSolutionNode = FALSE
	EndGlobalSection
	GlobalSection(ExtensibilityGlobals) = postSolution
		SolutionGuid = {64B92B8D-7661-4EDE-BC0E-39E4E9435250}
	EndGlobalSection
EndGlobal
